
Microsoft Visual Studio Solution File, Format Version 12.00
# Visual Studio Version 17
VisualStudioVersion = 17.7.34031.279
MinimumVisualStudioVersion = 10.0.40219.1
Project("{FAE04EC0-301F-11D3-BF4B-00C04F79EFBC}") = "Wanderer.CraftVerify.Logging", "Wanderer.CraftVerify.Logging\Wanderer.CraftVerify.Logging.csproj", "{7E576C21-7344-45E7-BF7F-B6B7144CDBE5}"
EndProject
Project("{FAE04EC0-301F-11D3-BF4B-00C04F79EFBC}") = "Wanderer.CraftVerify.DataAccess", "Wanderer.CraftVerify.DataAccess\Wanderer.CraftVerify.DataAccess.csproj", "{1B781FC4-B896-46DB-854F-29EC589ADDC3}"
EndProject
Project("{FAE04EC0-301F-11D3-BF4B-00C04F79EFBC}") = "Wanderer.CraftVerify.ConsoleApp", "Wanderer.CraftVerify.ConsoleApp\Wanderer.CraftVerify.ConsoleApp.csproj", "{66D20A22-8C7C-4451-9C64-7120940740AF}"
	ProjectSection(ProjectDependencies) = postProject
		{7E576C21-7344-45E7-BF7F-B6B7144CDBE5} = {7E576C21-7344-45E7-BF7F-B6B7144CDBE5}
	EndProjectSection
EndProject
Global
	GlobalSection(SolutionConfigurationPlatforms) = preSolution
		Debug|Any CPU = Debug|Any CPU
		Release|Any CPU = Release|Any CPU
	EndGlobalSection
	GlobalSection(ProjectConfigurationPlatforms) = postSolution
		{7E576C21-7344-45E7-BF7F-B6B7144CDBE5}.Debug|Any CPU.ActiveCfg = Debug|Any CPU
		{7E576C21-7344-45E7-BF7F-B6B7144CDBE5}.Debug|Any CPU.Build.0 = Debug|Any CPU
		{7E576C21-7344-45E7-BF7F-B6B7144CDBE5}.Release|Any CPU.ActiveCfg = Release|Any CPU
		{7E576C21-7344-45E7-BF7F-B6B7144CDBE5}.Release|Any CPU.Build.0 = Release|Any CPU
		{1B781FC4-B896-46DB-854F-29EC589ADDC3}.Debug|Any CPU.ActiveCfg = Debug|Any CPU
		{1B781FC4-B896-46DB-854F-29EC589ADDC3}.Debug|Any CPU.Build.0 = Debug|Any CPU
		{1B781FC4-B896-46DB-854F-29EC589ADDC3}.Release|Any CPU.ActiveCfg = Release|Any CPU
		{1B781FC4-B896-46DB-854F-29EC589ADDC3}.Release|Any CPU.Build.0 = Release|Any CPU
		{66D20A22-8C7C-4451-9C64-7120940740AF}.Debug|Any CPU.ActiveCfg = Debug|Any CPU
		{66D20A22-8C7C-4451-9C64-7120940740AF}.Debug|Any CPU.Build.0 = Debug|Any CPU
		{66D20A22-8C7C-4451-9C64-7120940740AF}.Release|Any CPU.ActiveCfg = Release|Any CPU
		{66D20A22-8C7C-4451-9C64-7120940740AF}.Release|Any CPU.Build.0 = Release|Any CPU
	EndGlobalSection
	GlobalSection(SolutionProperties) = preSolution
		HideSolutionNode = FALSE
	EndGlobalSection
	GlobalSection(ExtensibilityGlobals) = postSolution
		SolutionGuid = {E50FB7C3-407C-4B04-AD22-5F3951A736E1}
	EndGlobalSection
EndGlobal
