
Microsoft Visual Studio Solution File, Format Version 12.00
# Visual Studio Version 17
VisualStudioVersion = 17.7.34031.279
MinimumVisualStudioVersion = 10.0.40219.1
Project("{FAE04EC0-301F-11D3-BF4B-00C04F79EFBC}") = "DataAccessLib", "DataAccessLib\DataAccessLib.csproj", "{5DD35BB7-1513-486F-8B3B-4E86BC5EC8A4}"
EndProject
Project("{FAE04EC0-301F-11D3-BF4B-00C04F79EFBC}") = "Logging", "Logging\Logging.csproj", "{C1E965E7-262D-4CBA-B81D-3DA9928923C1}"
EndProject
Project("{FAE04EC0-301F-11D3-BF4B-00C04F79EFBC}") = "LoggingTests", "LoggingTests\LoggingTests.csproj", "{CF90990D-C8C1-4240-8F56-8BF31B712451}"
EndProject
Global
	GlobalSection(SolutionConfigurationPlatforms) = preSolution
		Debug|Any CPU = Debug|Any CPU
		Release|Any CPU = Release|Any CPU
	EndGlobalSection
	GlobalSection(ProjectConfigurationPlatforms) = postSolution
		{5DD35BB7-1513-486F-8B3B-4E86BC5EC8A4}.Debug|Any CPU.ActiveCfg = Debug|Any CPU
		{5DD35BB7-1513-486F-8B3B-4E86BC5EC8A4}.Debug|Any CPU.Build.0 = Debug|Any CPU
		{5DD35BB7-1513-486F-8B3B-4E86BC5EC8A4}.Release|Any CPU.ActiveCfg = Release|Any CPU
		{5DD35BB7-1513-486F-8B3B-4E86BC5EC8A4}.Release|Any CPU.Build.0 = Release|Any CPU
		{C1E965E7-262D-4CBA-B81D-3DA9928923C1}.Debug|Any CPU.ActiveCfg = Debug|Any CPU
		{C1E965E7-262D-4CBA-B81D-3DA9928923C1}.Debug|Any CPU.Build.0 = Debug|Any CPU
		{C1E965E7-262D-4CBA-B81D-3DA9928923C1}.Release|Any CPU.ActiveCfg = Release|Any CPU
		{C1E965E7-262D-4CBA-B81D-3DA9928923C1}.Release|Any CPU.Build.0 = Release|Any CPU
		{CF90990D-C8C1-4240-8F56-8BF31B712451}.Debug|Any CPU.ActiveCfg = Debug|Any CPU
		{CF90990D-C8C1-4240-8F56-8BF31B712451}.Debug|Any CPU.Build.0 = Debug|Any CPU
		{CF90990D-C8C1-4240-8F56-8BF31B712451}.Release|Any CPU.ActiveCfg = Release|Any CPU
		{CF90990D-C8C1-4240-8F56-8BF31B712451}.Release|Any CPU.Build.0 = Release|Any CPU
	EndGlobalSection
	GlobalSection(SolutionProperties) = preSolution
		HideSolutionNode = FALSE
	EndGlobalSection
	GlobalSection(ExtensibilityGlobals) = postSolution
		SolutionGuid = {FEB8BB62-CD3F-4D7F-96F2-979CDDDB0F43}
	EndGlobalSection
EndGlobal
